// !$*UTF8*$!
{
	archiveVersion = 1;
	classes = {
	};
	objectVersion = 77;
	objects = {

/* Begin PBXContainerItemProxy section */
		DDA435982E0A4D2900D1EAB0 /* PBXContainerItemProxy */ = {
			isa = PBXContainerItemProxy;
			containerPortal = DDA435822E0A4D2700D1EAB0 /* Project object */;
			proxyType = 1;
			remoteGlobalIDString = DDA435892E0A4D2700D1EAB0;
			remoteInfo = memorize2;
		};
		DDA435A22E0A4D2900D1EAB0 /* PBXContainerItemProxy */ = {
			isa = PBXContainerItemProxy;
			containerPortal = DDA435822E0A4D2700D1EAB0 /* Project object */;
			proxyType = 1;
			remoteGlobalIDString = DDA435892E0A4D2700D1EAB0;
			remoteInfo = memorize2;
		};
/* End PBXContainerItemProxy section */

/* Begin PBXFileReference section */
		DDA4358A2E0A4D2700D1EAB0 /* memorize2.app */ = {isa = PBXFileReference; explicitFileType = wrapper.application; includeInIndex = 0; path = memorize2.app; sourceTree = BUILT_PRODUCTS_DIR; };
		DDA435972E0A4D2900D1EAB0 /* memorize2Tests.xctest */ = {isa = PBXFileReference; explicitFileType = wrapper.cfbundle; includeInIndex = 0; path = memorize2Tests.xctest; sourceTree = BUILT_PRODUCTS_DIR; };
		DDA435A12E0A4D2900D1EAB0 /* memorize2UITests.xctest */ = {isa = PBXFileReference; explicitFileType = wrapper.cfbundle; includeInIndex = 0; path = memorize2UITests.xctest; sourceTree = BUILT_PRODUCTS_DIR; };
/* End PBXFileReference section */

/* Begin PBXFileSystemSynchronizedRootGroup section */
		DDA4358C2E0A4D2700D1EAB0 /* memorize2 */ = {
			isa = PBXFileSystemSynchronizedRootGroup;
			path = memorize2;
			sourceTree = "<group>";
		};
		DDA4359A2E0A4D2900D1EAB0 /* memorize2Tests */ = {
			isa = PBXFileSystemSynchronizedRootGroup;
			path = memorize2Tests;
			sourceTree = "<group>";
		};
		DDA435A42E0A4D2900D1EAB0 /* memorize2UITests */ = {
			isa = PBXFileSystemSynchronizedRootGroup;
			path = memorize2UITests;
			sourceTree = "<group>";
		};
/* End PBXFileSystemSynchronizedRootGroup section */

/* Begin PBXFrameworksBuildPhase section */
		DDA435872E0A4D2700D1EAB0 /* Frameworks */ = {
			isa = PBXFrameworksBuildPhase;
			buildActionMask = 2147483647;
			files = (
			);
			runOnlyForDeploymentPostprocessing = 0;
		};
		DDA435942E0A4D2900D1EAB0 /* Frameworks */ = {
			isa = PBXFrameworksBuildPhase;
			buildActionMask = 2147483647;
			files = (
			);
			runOnlyForDeploymentPostprocessing = 0;
		};
		DDA4359E2E0A4D2900D1EAB0 /* Frameworks */ = {
			isa = PBXFrameworksBuildPhase;
			buildActionMask = 2147483647;
			files = (
			);
			runOnlyForDeploymentPostprocessing = 0;
		};
/* End PBXFrameworksBuildPhase section */

/* Begin PBXGroup section */
		DDA435812E0A4D2700D1EAB0 = {
			isa = PBXGroup;
			children = (
				DDA4358C2E0A4D2700D1EAB0 /* memorize2 */,
				DDA4359A2E0A4D2900D1EAB0 /* memorize2Tests */,
				DDA435A42E0A4D2900D1EAB0 /* memorize2UITests */,
				DDA4358B2E0A4D2700D1EAB0 /* Products */,
			);
			sourceTree = "<group>";
		};
		DDA4358B2E0A4D2700D1EAB0 /* Products */ = {
			isa = PBXGroup;
			children = (
				DDA4358A2E0A4D2700D1EAB0 /* memorize2.app */,
				DDA435972E0A4D2900D1EAB0 /* memorize2Tests.xctest */,
				DDA435A12E0A4D2900D1EAB0 /* memorize2UITests.xctest */,
			);
			name = Products;
			sourceTree = "<group>";
		};
/* End PBXGroup section */

/* Begin PBXNativeTarget section */
		DDA435892E0A4D2700D1EAB0 /* memorize2 */ = {
			isa = PBXNativeTarget;
			buildConfigurationList = DDA435AB2E0A4D2900D1EAB0 /* Build configuration list for PBXNativeTarget "memorize2" */;
			buildPhases = (
				DDA435862E0A4D2700D1EAB0 /* Sources */,
				DDA435872E0A4D2700D1EAB0 /* Frameworks */,
				DDA435882E0A4D2700D1EAB0 /* Resources */,
			);
			buildRules = (
			);
			dependencies = (
			);
			fileSystemSynchronizedGroups = (
				DDA4358C2E0A4D2700D1EAB0 /* memorize2 */,
			);
			name = memorize2;
			packageProductDependencies = (
			);
			productName = memorize2;
			productReference = DDA4358A2E0A4D2700D1EAB0 /* memorize2.app */;
			productType = "com.apple.product-type.application";
		};
		DDA435962E0A4D2900D1EAB0 /* memorize2Tests */ = {
			isa = PBXNativeTarget;
			buildConfigurationList = DDA435AE2E0A4D2900D1EAB0 /* Build configuration list for PBXNativeTarget "memorize2Tests" */;
			buildPhases = (
				DDA435932E0A4D2900D1EAB0 /* Sources */,
				DDA435942E0A4D2900D1EAB0 /* Frameworks */,
				DDA435952E0A4D2900D1EAB0 /* Resources */,
			);
			buildRules = (
			);
			dependencies = (
				DDA435992E0A4D2900D1EAB0 /* PBXTargetDependency */,
			);
			fileSystemSynchronizedGroups = (
				DDA4359A2E0A4D2900D1EAB0 /* memorize2Tests */,
			);
			name = memorize2Tests;
			packageProductDependencies = (
			);
			productName = memorize2Tests;
			productReference = DDA435972E0A4D2900D1EAB0 /* memorize2Tests.xctest */;
			productType = "com.apple.product-type.bundle.unit-test";
		};
		DDA435A02E0A4D2900D1EAB0 /* memorize2UITests */ = {
			isa = PBXNativeTarget;
			buildConfigurationList = DDA435B12E0A4D2900D1EAB0 /* Build configuration list for PBXNativeTarget "memorize2UITests" */;
			buildPhases = (
				DDA4359D2E0A4D2900D1EAB0 /* Sources */,
				DDA4359E2E0A4D2900D1EAB0 /* Frameworks */,
				DDA4359F2E0A4D2900D1EAB0 /* Resources */,
			);
			buildRules = (
			);
			dependencies = (
				DDA435A32E0A4D2900D1EAB0 /* PBXTargetDependency */,
			);
			fileSystemSynchronizedGroups = (
				DDA435A42E0A4D2900D1EAB0 /* memorize2UITests */,
			);
			name = memorize2UITests;
			packageProductDependencies = (
			);
			productName = memorize2UITests;
			productReference = DDA435A12E0A4D2900D1EAB0 /* memorize2UITests.xctest */;
			productType = "com.apple.product-type.bundle.ui-testing";
		};
/* End PBXNativeTarget section */

/* Begin PBXProject section */
		DDA435822E0A4D2700D1EAB0 /* Project object */ = {
			isa = PBXProject;
			attributes = {
				BuildIndependentTargetsInParallel = 1;
				LastSwiftUpdateCheck = 1640;
				LastUpgradeCheck = 1640;
				TargetAttributes = {
					DDA435892E0A4D2700D1EAB0 = {
						CreatedOnToolsVersion = 16.4;
					};
					DDA435962E0A4D2900D1EAB0 = {
						CreatedOnToolsVersion = 16.4;
						TestTargetID = DDA435892E0A4D2700D1EAB0;
					};
					DDA435A02E0A4D2900D1EAB0 = {
						CreatedOnToolsVersion = 16.4;
						TestTargetID = DDA435892E0A4D2700D1EAB0;
					};
				};
			};
			buildConfigurationList = DDA435852E0A4D2700D1EAB0 /* Build configuration list for PBXProject "memorize2" */;
			developmentRegion = en;
			hasScannedForEncodings = 0;
			knownRegions = (
				en,
				Base,
			);
			mainGroup = DDA435812E0A4D2700D1EAB0;
			minimizedProjectReferenceProxies = 1;
			preferredProjectObjectVersion = 77;
			productRefGroup = DDA4358B2E0A4D2700D1EAB0 /* Products */;
			projectDirPath = "";
			projectRoot = "";
			targets = (
				DDA435892E0A4D2700D1EAB0 /* memorize2 */,
				DDA435962E0A4D2900D1EAB0 /* memorize2Tests */,
				DDA435A02E0A4D2900D1EAB0 /* memorize2UITests */,
			);
		};
/* End PBXProject section */

/* Begin PBXResourcesBuildPhase section */
		DDA435882E0A4D2700D1EAB0 /* Resources */ = {
			isa = PBXResourcesBuildPhase;
			buildActionMask = 2147483647;
			files = (
			);
			runOnlyForDeploymentPostprocessing = 0;
		};
		DDA435952E0A4D2900D1EAB0 /* Resources */ = {
			isa = PBXResourcesBuildPhase;
			buildActionMask = 2147483647;
			files = (
			);
			runOnlyForDeploymentPostprocessing = 0;
		};
		DDA4359F2E0A4D2900D1EAB0 /* Resources */ = {
			isa = PBXResourcesBuildPhase;
			buildActionMask = 2147483647;
			files = (
			);
			runOnlyForDeploymentPostprocessing = 0;
		};
/* End PBXResourcesBuildPhase section */

/* Begin PBXSourcesBuildPhase section */
		DDA435862E0A4D2700D1EAB0 /* Sources */ = {
			isa = PBXSourcesBuildPhase;
			buildActionMask = 2147483647;
			files = (
			);
			runOnlyForDeploymentPostprocessing = 0;
		};
		DDA435932E0A4D2900D1EAB0 /* Sources */ = {
			isa = PBXSourcesBuildPhase;
			buildActionMask = 2147483647;
			files = (
			);
			runOnlyForDeploymentPostprocessing = 0;
		};
		DDA4359D2E0A4D2900D1EAB0 /* Sources */ = {
			isa = PBXSourcesBuildPhase;
			buildActionMask = 2147483647;
			files = (
			);
			runOnlyForDeploymentPostprocessing = 0;
		};
/* End PBXSourcesBuildPhase section */

/* Begin PBXTargetDependency section */
		DDA435992E0A4D2900D1EAB0 /* PBXTargetDependency */ = {
			isa = PBXTargetDependency;
			target = DDA435892E0A4D2700D1EAB0 /* memorize2 */;
			targetProxy = DDA435982E0A4D2900D1EAB0 /* PBXContainerItemProxy */;
		};
		DDA435A32E0A4D2900D1EAB0 /* PBXTargetDependency */ = {
			isa = PBXTargetDependency;
			target = DDA435892E0A4D2700D1EAB0 /* memorize2 */;
			targetProxy = DDA435A22E0A4D2900D1EAB0 /* PBXContainerItemProxy */;
		};
/* End PBXTargetDependency section */

/* Begin XCBuildConfiguration section */
		DDA435A92E0A4D2900D1EAB0 /* Debug */ = {
			isa = XCBuildConfiguration;
			buildSettings = {
				ALWAYS_SEARCH_USER_PATHS = NO;
				ASSETCATALOG_COMPILER_GENERATE_SWIFT_ASSET_SYMBOL_EXTENSIONS = YES;
				CLANG_ANALYZER_NONNULL = YES;
				CLANG_ANALYZER_NUMBER_OBJECT_CONVERSION = YES_AGGRESSIVE;
				CLANG_CXX_LANGUAGE_STANDARD = "gnu++20";
				CLANG_ENABLE_MODULES = YES;
				CLANG_ENABLE_OBJC_ARC = YES;
				CLANG_ENABLE_OBJC_WEAK = YES;
				CLANG_WARN_BLOCK_CAPTURE_AUTORELEASING = YES;
				CLANG_WARN_BOOL_CONVERSION = YES;
				CLANG_WARN_COMMA = YES;
				CLANG_WARN_CONSTANT_CONVERSION = YES;
				CLANG_WARN_DEPRECATED_OBJC_IMPLEMENTATIONS = YES;
				CLANG_WARN_DIRECT_OBJC_ISA_USAGE = YES_ERROR;
				CLANG_WARN_DOCUMENTATION_COMMENTS = YES;
				CLANG_WARN_EMPTY_BODY = YES;
				CLANG_WARN_ENUM_CONVERSION = YES;
				CLANG_WARN_INFINITE_RECURSION = YES;
				CLANG_WARN_INT_CONVERSION = YES;
				CLANG_WARN_NON_LITERAL_NULL_CONVERSION = YES;
				CLANG_WARN_OBJC_IMPLICIT_RETAIN_SELF = YES;
				CLANG_WARN_OBJC_LITERAL_CONVERSION = YES;
				CLANG_WARN_OBJC_ROOT_CLASS = YES_ERROR;
				CLANG_WARN_QUOTED_INCLUDE_IN_FRAMEWORK_HEADER = YES;
				CLANG_WARN_RANGE_LOOP_ANALYSIS = YES;
				CLANG_WARN_STRICT_PROTOTYPES = YES;
				CLANG_WARN_SUSPICIOUS_MOVE = YES;
				CLANG_WARN_UNGUARDED_AVAILABILITY = YES_AGGRESSIVE;
				CLANG_WARN_UNREACHABLE_CODE = YES;
				CLANG_WARN__DUPLICATE_METHOD_MATCH = YES;
				COPY_PHASE_STRIP = NO;
				DEBUG_INFORMATION_FORMAT = dwarf;
				DEVELOPMENT_TEAM = 6B9ZFHTPBY;
				ENABLE_STRICT_OBJC_MSGSEND = YES;
				ENABLE_TESTABILITY = YES;
				ENABLE_USER_SCRIPT_SANDBOXING = YES;
				GCC_C_LANGUAGE_STANDARD = gnu17;
				GCC_DYNAMIC_NO_PIC = NO;
				GCC_NO_COMMON_BLOCKS = YES;
				GCC_OPTIMIZATION_LEVEL = 0;
				GCC_PREPROCESSOR_DEFINITIONS = (
					"DEBUG=1",
					"$(inherited)",
				);
				GCC_WARN_64_TO_32_BIT_CONVERSION = YES;
				GCC_WARN_ABOUT_RETURN_TYPE = YES_ERROR;
				GCC_WARN_UNDECLARED_SELECTOR = YES;
				GCC_WARN_UNINITIALIZED_AUTOS = YES_AGGRESSIVE;
				GCC_WARN_UNUSED_FUNCTION = YES;
				GCC_WARN_UNUSED_VARIABLE = YES;
				IPHONEOS_DEPLOYMENT_TARGET = 18.5;
				LOCALIZATION_PREFERS_STRING_CATALOGS = YES;
				MTL_ENABLE_DEBUG_INFO = INCLUDE_SOURCE;
				MTL_FAST_MATH = YES;
				ONLY_ACTIVE_ARCH = YES;
				SDKROOT = iphoneos;
				SWIFT_ACTIVE_COMPILATION_CONDITIONS = "DEBUG $(inherited)";
				SWIFT_OPTIMIZATION_LEVEL = "-Onone";
			};
			name = Debug;
		};
		DDA435AA2E0A4D2900D1EAB0 /* Release */ = {
			isa = XCBuildConfiguration;
			buildSettings = {
				ALWAYS_SEARCH_USER_PATHS = NO;
				ASSETCATALOG_COMPILER_GENERATE_SWIFT_ASSET_SYMBOL_EXTENSIONS = YES;
				CLANG_ANALYZER_NONNULL = YES;
				CLANG_ANALYZER_NUMBER_OBJECT_CONVERSION = YES_AGGRESSIVE;
				CLANG_CXX_LANGUAGE_STANDARD = "gnu++20";
				CLANG_ENABLE_MODULES = YES;
				CLANG_ENABLE_OBJC_ARC = YES;
				CLANG_ENABLE_OBJC_WEAK = YES;
				CLANG_WARN_BLOCK_CAPTURE_AUTORELEASING = YES;
				CLANG_WARN_BOOL_CONVERSION = YES;
				CLANG_WARN_COMMA = YES;
				CLANG_WARN_CONSTANT_CONVERSION = YES;
				CLANG_WARN_DEPRECATED_OBJC_IMPLEMENTATIONS = YES;
				CLANG_WARN_DIRECT_OBJC_ISA_USAGE = YES_ERROR;
				CLANG_WARN_DOCUMENTATION_COMMENTS = YES;
				CLANG_WARN_EMPTY_BODY = YES;
				CLANG_WARN_ENUM_CONVERSION = YES;
				CLANG_WARN_INFINITE_RECURSION = YES;
				CLANG_WARN_INT_CONVERSION = YES;
				CLANG_WARN_NON_LITERAL_NULL_CONVERSION = YES;
				CLANG_WARN_OBJC_IMPLICIT_RETAIN_SELF = YES;
				CLANG_WARN_OBJC_LITERAL_CONVERSION = YES;
				CLANG_WARN_OBJC_ROOT_CLASS = YES_ERROR;
				CLANG_WARN_QUOTED_INCLUDE_IN_FRAMEWORK_HEADER = YES;
				CLANG_WARN_RANGE_LOOP_ANALYSIS = YES;
				CLANG_WARN_STRICT_PROTOTYPES = YES;
				CLANG_WARN_SUSPICIOUS_MOVE = YES;
				CLANG_WARN_UNGUARDED_AVAILABILITY = YES_AGGRESSIVE;
				CLANG_WARN_UNREACHABLE_CODE = YES;
				CLANG_WARN__DUPLICATE_METHOD_MATCH = YES;
				COPY_PHASE_STRIP = NO;
				DEBUG_INFORMATION_FORMAT = "dwarf-with-dsym";
				DEVELOPMENT_TEAM = 6B9ZFHTPBY;
				ENABLE_NS_ASSERTIONS = NO;
				ENABLE_STRICT_OBJC_MSGSEND = YES;
				ENABLE_USER_SCRIPT_SANDBOXING = YES;
				GCC_C_LANGUAGE_STANDARD = gnu17;
				GCC_NO_COMMON_BLOCKS = YES;
				GCC_WARN_64_TO_32_BIT_CONVERSION = YES;
				GCC_WARN_ABOUT_RETURN_TYPE = YES_ERROR;
				GCC_WARN_UNDECLARED_SELECTOR = YES;
				GCC_WARN_UNINITIALIZED_AUTOS = YES_AGGRESSIVE;
				GCC_WARN_UNUSED_FUNCTION = YES;
				GCC_WARN_UNUSED_VARIABLE = YES;
				IPHONEOS_DEPLOYMENT_TARGET = 18.5;
				LOCALIZATION_PREFERS_STRING_CATALOGS = YES;
				MTL_ENABLE_DEBUG_INFO = NO;
				MTL_FAST_MATH = YES;
				SDKROOT = iphoneos;
				SWIFT_COMPILATION_MODE = wholemodule;
				VALIDATE_PRODUCT = YES;
			};
			name = Release;
		};
		DDA435AC2E0A4D2900D1EAB0 /* Debug */ = {
			isa = XCBuildConfiguration;
			buildSettings = {
				ASSETCATALOG_COMPILER_APPICON_NAME = AppIcon;
				ASSETCATALOG_COMPILER_GLOBAL_ACCENT_COLOR_NAME = AccentColor;
				CODE_SIGN_STYLE = Automatic;
				CURRENT_PROJECT_VERSION = 1;
				DEVELOPMENT_TEAM = 6B9ZFHTPBY;
				ENABLE_PREVIEWS = YES;
				GENERATE_INFOPLIST_FILE = YES;
				INFOPLIST_KEY_UIApplicationSceneManifest_Generation = YES;
				INFOPLIST_KEY_UIApplicationSupportsIndirectInputEvents = YES;
				INFOPLIST_KEY_UILaunchScreen_Generation = YES;
				INFOPLIST_KEY_UISupportedInterfaceOrientations_iPad = "UIInterfaceOrientationPortrait UIInterfaceOrientationPortraitUpsideDown UIInterfaceOrientationLandscapeLeft UIInterfaceOrientationLandscapeRight";
				INFOPLIST_KEY_UISupportedInterfaceOrientations_iPhone = "UIInterfaceOrientationPortrait UIInterfaceOrientationLandscapeLeft UIInterfaceOrientationLandscapeRight";
				LD_RUNPATH_SEARCH_PATHS = (
					"$(inherited)",
					"@executable_path/Frameworks",
				);
				MARKETING_VERSION = 1.0;
				PRODUCT_BUNDLE_IDENTIFIER = jubhedha.memorize2;
				PRODUCT_NAME = "$(TARGET_NAME)";
				SWIFT_EMIT_LOC_STRINGS = YES;
				SWIFT_VERSION = 5.0;
				TARGETED_DEVICE_FAMILY = "1,2";
			};
			name = Debug;
		};
		DDA435AD2E0A4D2900D1EAB0 /* Release */ = {
			isa = XCBuildConfiguration;
			buildSettings = {
				ASSETCATALOG_COMPILER_APPICON_NAME = AppIcon;
				ASSETCATALOG_COMPILER_GLOBAL_ACCENT_COLOR_NAME = AccentColor;
				CODE_SIGN_STYLE = Automatic;
				CURRENT_PROJECT_VERSION = 1;
				DEVELOPMENT_TEAM = 6B9ZFHTPBY;
				ENABLE_PREVIEWS = YES;
				GENERATE_INFOPLIST_FILE = YES;
				INFOPLIST_KEY_UIApplicationSceneManifest_Generation = YES;
				INFOPLIST_KEY_UIApplicationSupportsIndirectInputEvents = YES;
				INFOPLIST_KEY_UILaunchScreen_Generation = YES;
				INFOPLIST_KEY_UISupportedInterfaceOrientations_iPad = "UIInterfaceOrientationPortrait UIInterfaceOrientationPortraitUpsideDown UIInterfaceOrientationLandscapeLeft UIInterfaceOrientationLandscapeRight";
				INFOPLIST_KEY_UISupportedInterfaceOrientations_iPhone = "UIInterfaceOrientationPortrait UIInterfaceOrientationLandscapeLeft UIInterfaceOrientationLandscapeRight";
				LD_RUNPATH_SEARCH_PATHS = (
					"$(inherited)",
					"@executable_path/Frameworks",
				);
				MARKETING_VERSION = 1.0;
				PRODUCT_BUNDLE_IDENTIFIER = jubhedha.memorize2;
				PRODUCT_NAME = "$(TARGET_NAME)";
				SWIFT_EMIT_LOC_STRINGS = YES;
				SWIFT_VERSION = 5.0;
				TARGETED_DEVICE_FAMILY = "1,2";
			};
			name = Release;
		};
		DDA435AF2E0A4D2900D1EAB0 /* Debug */ = {
			isa = XCBuildConfiguration;
			buildSettings = {
				BUNDLE_LOADER = "$(TEST_HOST)";
				CODE_SIGN_STYLE = Automatic;
				CURRENT_PROJECT_VERSION = 1;
				DEVELOPMENT_TEAM = 6B9ZFHTPBY;
				GENERATE_INFOPLIST_FILE = YES;
				IPHONEOS_DEPLOYMENT_TARGET = 18.5;
				MARKETING_VERSION = 1.0;
				PRODUCT_BUNDLE_IDENTIFIER = jubhedha.memorize2Tests;
				PRODUCT_NAME = "$(TARGET_NAME)";
				SWIFT_EMIT_LOC_STRINGS = NO;
				SWIFT_VERSION = 5.0;
				TARGETED_DEVICE_FAMILY = "1,2";
				TEST_HOST = "$(BUILT_PRODUCTS_DIR)/memorize2.app/$(BUNDLE_EXECUTABLE_FOLDER_PATH)/memorize2";
			};
			name = Debug;
		};
		DDA435B02E0A4D2900D1EAB0 /* Release */ = {
			isa = XCBuildConfiguration;
			buildSettings = {
				BUNDLE_LOADER = "$(TEST_HOST)";
				CODE_SIGN_STYLE = Automatic;
				CURRENT_PROJECT_VERSION = 1;
				DEVELOPMENT_TEAM = 6B9ZFHTPBY;
				GENERATE_INFOPLIST_FILE = YES;
				IPHONEOS_DEPLOYMENT_TARGET = 18.5;
				MARKETING_VERSION = 1.0;
				PRODUCT_BUNDLE_IDENTIFIER = jubhedha.memorize2Tests;
				PRODUCT_NAME = "$(TARGET_NAME)";
				SWIFT_EMIT_LOC_STRINGS = NO;
				SWIFT_VERSION = 5.0;
				TARGETED_DEVICE_FAMILY = "1,2";
				TEST_HOST = "$(BUILT_PRODUCTS_DIR)/memorize2.app/$(BUNDLE_EXECUTABLE_FOLDER_PATH)/memorize2";
			};
			name = Release;
		};
		DDA435B22E0A4D2900D1EAB0 /* Debug */ = {
			isa = XCBuildConfiguration;
			buildSettings = {
				CODE_SIGN_STYLE = Automatic;
				CURRENT_PROJECT_VERSION = 1;
				DEVELOPMENT_TEAM = 6B9ZFHTPBY;
				GENERATE_INFOPLIST_FILE = YES;
				MARKETING_VERSION = 1.0;
				PRODUCT_BUNDLE_IDENTIFIER = jubhedha.memorize2UITests;
				PRODUCT_NAME = "$(TARGET_NAME)";
				SWIFT_EMIT_LOC_STRINGS = NO;
				SWIFT_VERSION = 5.0;
				TARGETED_DEVICE_FAMILY = "1,2";
				TEST_TARGET_NAME = memorize2;
			};
			name = Debug;
		};
		DDA435B32E0A4D2900D1EAB0 /* Release */ = {
			isa = XCBuildConfiguration;
			buildSettings = {
				CODE_SIGN_STYLE = Automatic;
				CURRENT_PROJECT_VERSION = 1;
				DEVELOPMENT_TEAM = 6B9ZFHTPBY;
				GENERATE_INFOPLIST_FILE = YES;
				MARKETING_VERSION = 1.0;
				PRODUCT_BUNDLE_IDENTIFIER = jubhedha.memorize2UITests;
				PRODUCT_NAME = "$(TARGET_NAME)";
				SWIFT_EMIT_LOC_STRINGS = NO;
				SWIFT_VERSION = 5.0;
				TARGETED_DEVICE_FAMILY = "1,2";
				TEST_TARGET_NAME = memorize2;
			};
			name = Release;
		};
/* End XCBuildConfiguration section */

/* Begin XCConfigurationList section */
		DDA435852E0A4D2700D1EAB0 /* Build configuration list for PBXProject "memorize2" */ = {
			isa = XCConfigurationList;
			buildConfigurations = (
				DDA435A92E0A4D2900D1EAB0 /* Debug */,
				DDA435AA2E0A4D2900D1EAB0 /* Release */,
			);
			defaultConfigurationIsVisible = 0;
			defaultConfigurationName = Release;
		};
		DDA435AB2E0A4D2900D1EAB0 /* Build configuration list for PBXNativeTarget "memorize2" */ = {
			isa = XCConfigurationList;
			buildConfigurations = (
				DDA435AC2E0A4D2900D1EAB0 /* Debug */,
				DDA435AD2E0A4D2900D1EAB0 /* Release */,
			);
			defaultConfigurationIsVisible = 0;
			defaultConfigurationName = Release;
		};
		DDA435AE2E0A4D2900D1EAB0 /* Build configuration list for PBXNativeTarget "memorize2Tests" */ = {
			isa = XCConfigurationList;
			buildConfigurations = (
				DDA435AF2E0A4D2900D1EAB0 /* Debug */,
				DDA435B02E0A4D2900D1EAB0 /* Release */,
			);
			defaultConfigurationIsVisible = 0;
			defaultConfigurationName = Release;
		};
		DDA435B12E0A4D2900D1EAB0 /* Build configuration list for PBXNativeTarget "memorize2UITests" */ = {
			isa = XCConfigurationList;
			buildConfigurations = (
				DDA435B22E0A4D2900D1EAB0 /* Debug */,
				DDA435B32E0A4D2900D1EAB0 /* Release */,
			);
			defaultConfigurationIsVisible = 0;
			defaultConfigurationName = Release;
		};
/* End XCConfigurationList section */
	};
	rootObject = DDA435822E0A4D2700D1EAB0 /* Project object */;
}
